
Microsoft Visual Studio Solution File, Format Version 12.00
# Visual Studio Version 17
VisualStudioVersion = 17.0.31903.59
MinimumVisualStudioVersion = 10.0.40219.1
Project("{FAE04EC0-301F-11D3-BF4B-00C04F79EFBC}") = "Wpm.Management.Api", "Wpm.Management.Api\Wpm.Management.Api.csproj", "{6B46B57A-F0CC-489E-B916-5B6C2B69BD03}"
EndProject
Project("{FAE04EC0-301F-11D3-BF4B-00C04F79EFBC}") = "Wpm.Management.Domain", "Wpm.Management.Domain\Wpm.Management.Domain.csproj", "{BE79C0FC-5735-488F-81BE-9B16EE7007F3}"
EndProject
Project("{FAE04EC0-301F-11D3-BF4B-00C04F79EFBC}") = "Wpm.Management.Domain.Tests", "Wpm.Management.Domain.Tests\Wpm.Management.Domain.Tests.csproj", "{0E40A45B-8800-4AF6-ACE7-F6FE5D70E156}"
EndProject
Project("{FAE04EC0-301F-11D3-BF4B-00C04F79EFBC}") = "Wpm.Clinic.Domain", "Wpm.Clinic.Domain\Wpm.Clinic.Domain.csproj", "{F5643D58-7E3B-4263-B643-3CBA26018335}"
EndProject
Project("{FAE04EC0-301F-11D3-BF4B-00C04F79EFBC}") = "Wpm.SharedKernel", "Wpm.SharedKernel\Wpm.SharedKernel.csproj", "{8A0AC559-0628-4BE8-85A0-6AB7474A9431}"
EndProject
Project("{FAE04EC0-301F-11D3-BF4B-00C04F79EFBC}") = "Wpm.Clinic.Domain.Tests", "Wpm.Clinic.Domain.Tests\Wpm.Clinic.Domain.Tests.csproj", "{21D54313-A466-4AF4-8076-D027970BA66A}"
EndProject
Global
	GlobalSection(SolutionConfigurationPlatforms) = preSolution
		Debug|Any CPU = Debug|Any CPU
		Release|Any CPU = Release|Any CPU
	EndGlobalSection
	GlobalSection(SolutionProperties) = preSolution
		HideSolutionNode = FALSE
	EndGlobalSection
	GlobalSection(ProjectConfigurationPlatforms) = postSolution
		{6B46B57A-F0CC-489E-B916-5B6C2B69BD03}.Debug|Any CPU.ActiveCfg = Debug|Any CPU
		{6B46B57A-F0CC-489E-B916-5B6C2B69BD03}.Debug|Any CPU.Build.0 = Debug|Any CPU
		{6B46B57A-F0CC-489E-B916-5B6C2B69BD03}.Release|Any CPU.ActiveCfg = Release|Any CPU
		{6B46B57A-F0CC-489E-B916-5B6C2B69BD03}.Release|Any CPU.Build.0 = Release|Any CPU
		{BE79C0FC-5735-488F-81BE-9B16EE7007F3}.Debug|Any CPU.ActiveCfg = Debug|Any CPU
		{BE79C0FC-5735-488F-81BE-9B16EE7007F3}.Debug|Any CPU.Build.0 = Debug|Any CPU
		{BE79C0FC-5735-488F-81BE-9B16EE7007F3}.Release|Any CPU.ActiveCfg = Release|Any CPU
		{BE79C0FC-5735-488F-81BE-9B16EE7007F3}.Release|Any CPU.Build.0 = Release|Any CPU
		{0E40A45B-8800-4AF6-ACE7-F6FE5D70E156}.Debug|Any CPU.ActiveCfg = Debug|Any CPU
		{0E40A45B-8800-4AF6-ACE7-F6FE5D70E156}.Debug|Any CPU.Build.0 = Debug|Any CPU
		{0E40A45B-8800-4AF6-ACE7-F6FE5D70E156}.Release|Any CPU.ActiveCfg = Release|Any CPU
		{0E40A45B-8800-4AF6-ACE7-F6FE5D70E156}.Release|Any CPU.Build.0 = Release|Any CPU
		{F5643D58-7E3B-4263-B643-3CBA26018335}.Debug|Any CPU.ActiveCfg = Debug|Any CPU
		{F5643D58-7E3B-4263-B643-3CBA26018335}.Debug|Any CPU.Build.0 = Debug|Any CPU
		{F5643D58-7E3B-4263-B643-3CBA26018335}.Release|Any CPU.ActiveCfg = Release|Any CPU
		{F5643D58-7E3B-4263-B643-3CBA26018335}.Release|Any CPU.Build.0 = Release|Any CPU
		{8A0AC559-0628-4BE8-85A0-6AB7474A9431}.Debug|Any CPU.ActiveCfg = Debug|Any CPU
		{8A0AC559-0628-4BE8-85A0-6AB7474A9431}.Debug|Any CPU.Build.0 = Debug|Any CPU
		{8A0AC559-0628-4BE8-85A0-6AB7474A9431}.Release|Any CPU.ActiveCfg = Release|Any CPU
		{8A0AC559-0628-4BE8-85A0-6AB7474A9431}.Release|Any CPU.Build.0 = Release|Any CPU
		{21D54313-A466-4AF4-8076-D027970BA66A}.Debug|Any CPU.ActiveCfg = Debug|Any CPU
		{21D54313-A466-4AF4-8076-D027970BA66A}.Debug|Any CPU.Build.0 = Debug|Any CPU
		{21D54313-A466-4AF4-8076-D027970BA66A}.Release|Any CPU.ActiveCfg = Release|Any CPU
		{21D54313-A466-4AF4-8076-D027970BA66A}.Release|Any CPU.Build.0 = Release|Any CPU
	EndGlobalSection
EndGlobal
